{
    "_readme": [
        "This file locks the dependencies of your project to a known state",
        "Read more about it at http://getcomposer.org/doc/01-basic-usage.md#composer-lock-the-lock-file",
        "This file is @generated automatically"
    ],
    "hash": "d6c490beaa08fb85e4f07d0d58e3ba04",
    "packages": [
        {
            "name": "jwilsson/spotify-web-api-php",
            "version": "0.6.0",
            "source": {
                "type": "git",
                "url": "https://github.com/jwilsson/spotify-web-api-php.git",
                "reference": "0d9ea746aa942d215301fe463611ef1a3d4b9b93"
            },
            "dist": {
                "type": "zip",
                "url": "https://api.github.com/repos/jwilsson/spotify-web-api-php/zipball/0d9ea746aa942d215301fe463611ef1a3d4b9b93",
                "reference": "0d9ea746aa942d215301fe463611ef1a3d4b9b93",
                "shasum": ""
            },
            "require": {
                "php": ">=5.3.3"
            },
            "require-dev": {
                "phpunit/phpunit": "4.*",
                "satooshi/php-coveralls": "dev-master",
                "vlucas/phpdotenv": "1.*"
            },
            "type": "library",
            "autoload": {
                "psr-4": {
                    "SpotifyWebAPI\\": "src/"
                }
            },
            "notification-url": "https://packagist.org/downloads/",
            "license": [
                "MIT"
            ],
            "authors": [
                {
                    "name": "Jonathan Wilsson",
                    "email": "jonathan.wilsson@gmail.com"
                }
            ],
            "description": "PHP implementation of Spotify's Web API.",
            "homepage": "https://github.com/jwilsson/spotify-web-api-php",
            "keywords": [
                "spotify"
            ],
            "time": "2014-10-26 16:23:57"
        },
        {
            "name": "phprtflite/phprtflite",
            "version": "v1.3.3",
            "source": {
                "type": "git",
                "url": "https://github.com/phprtflite/PHPRtfLite.git",
                "reference": "eef76d965fc7a0cb4c7342f229f67ad4793c61c2"
            },
            "dist": {
                "type": "zip",
                "url": "https://api.github.com/repos/phprtflite/PHPRtfLite/zipball/eef76d965fc7a0cb4c7342f229f67ad4793c61c2",
                "reference": "eef76d965fc7a0cb4c7342f229f67ad4793c61c2",
                "shasum": ""
            },
            "type": "library",
            "autoload": {
                "psr-0": {
                    "PHPRtfLite": "lib/"
                }
            },
            "notification-url": "https://packagist.org/downloads/",
            "license": [
                "GPL-3.0"
            ],
            "authors": [
                {
                    "name": "Steffen Zeidler",
                    "email": "sigma_z@sigma-scripts.de"
                }
            ],
            "description": "PHPRtfLite is an API enabling developers to create rtf documents with php.",
            "time": "2014-07-04 19:43:18"
        }
    ],
    "packages-dev": [],
    "aliases": [],
    "minimum-stability": "stable",
    "stability-flags": [],
    "prefer-stable": false,
    "platform": [],
    "platform-dev": []
}
